<?xml version="1.0" encoding="UTF-8"?>
<Scheme
   version = "1.3">
   <BuildAction>
      <BuildActionEntries>
         <BuildActionEntry
            buildForRunning = "YES">
            <BuildableReference
               BuildableIdentifier = "primary"
               BlueprintIdentifier = "C8128B941D34C7598201AF2F"
               BuildableName = "pbpaste-image"
               BlueprintName = "pbpaste-image"
               ReferencedContainer = "container:pbpaste-image.xcodeproj">
            </BuildableReference>
         </BuildActionEntry>
      </BuildActionEntries>
   </BuildAction>
   <LaunchAction
      useCustomWorkingDirectory = "NO"
      buildConfiguration = "Debug">
      <BuildableProductRunnable>
         <BuildableReference
            BuildableIdentifier = "primary"
            BlueprintIdentifier = "C8128B941D34C7598201AF2F"
            BuildableName = "pbpaste-image"
            BlueprintName = "pbpaste-image"
            ReferencedContainer = "container:pbpaste-image.xcodeproj">
         </BuildableReference>
      </BuildableProductRunnable>
   </LaunchAction>
</Scheme>
